
Microsoft Visual Studio Solution File, Format Version 12.00
# Visual Studio 14
VisualStudioVersion = 14.0.24720.0
MinimumVisualStudioVersion = 10.0.40219.1
Project("{F2A71F9B-5D33-465A-A702-920D77279786}") = "Fovel", "src\Fovel.fsproj", "{4A9C2FC6-69A2-4519-8224-39267BDBABD4}"
EndProject
Project("{2150E333-8FDC-42A3-9474-1A3956D46DE8}") = "Paket", "Paket", "{5B518D17-F5B9-49F5-9067-2104CBDEDD37}"
	ProjectSection(SolutionItems) = preProject
		paket.dependencies = paket.dependencies
		paket.lock = paket.lock
	EndProjectSection
EndProject
Project("{F2A71F9B-5D33-465A-A702-920D77279786}") = "Fovel.Tests", "tests\Fovel.Tests.fsproj", "{7BF6A560-F5D1-4AFE-B841-E581F190375C}"
EndProject
Project("{2150E333-8FDC-42A3-9474-1A3956D46DE8}") = "Build", "Build", "{486AFF28-74D5-4FCD-8978-119FAF488846}"
	ProjectSection(SolutionItems) = preProject
		build.fsx = build.fsx
		build.ps1 = build.ps1
		build.sh = build.sh
	EndProjectSection
EndProject
Global
	GlobalSection(SolutionConfigurationPlatforms) = preSolution
		Debug|Any CPU = Debug|Any CPU
		Release|Any CPU = Release|Any CPU
	EndGlobalSection
	GlobalSection(ProjectConfigurationPlatforms) = postSolution
		{4A9C2FC6-69A2-4519-8224-39267BDBABD4}.Debug|Any CPU.ActiveCfg = Debug|Any CPU
		{4A9C2FC6-69A2-4519-8224-39267BDBABD4}.Debug|Any CPU.Build.0 = Debug|Any CPU
		{4A9C2FC6-69A2-4519-8224-39267BDBABD4}.Release|Any CPU.ActiveCfg = Release|Any CPU
		{4A9C2FC6-69A2-4519-8224-39267BDBABD4}.Release|Any CPU.Build.0 = Release|Any CPU
		{7BF6A560-F5D1-4AFE-B841-E581F190375C}.Debug|Any CPU.ActiveCfg = Debug|Any CPU
		{7BF6A560-F5D1-4AFE-B841-E581F190375C}.Debug|Any CPU.Build.0 = Debug|Any CPU
		{7BF6A560-F5D1-4AFE-B841-E581F190375C}.Release|Any CPU.ActiveCfg = Release|Any CPU
		{7BF6A560-F5D1-4AFE-B841-E581F190375C}.Release|Any CPU.Build.0 = Release|Any CPU
	EndGlobalSection
	GlobalSection(SolutionProperties) = preSolution
		HideSolutionNode = FALSE
	EndGlobalSection
EndGlobal
